PODS:
  - CocoaLumberjack (2.0.0):
    - CocoaLumberjack/Default (= 2.0.0)
    - CocoaLumberjack/Extensions (= 2.0.0)
  - CocoaLumberjack/Core (2.0.0)
  - CocoaLumberjack/Default (2.0.0):
    - CocoaLumberjack/Core
  - CocoaLumberjack/Extensions (2.0.0):
    - CocoaLumberjack/Default
  - OpenCV (2.4.9.1)
  - ReactiveCocoa (2.4.7):
    - ReactiveCocoa/UI (= 2.4.7)
  - ReactiveCocoa/Core (2.4.7):
    - ReactiveCocoa/no-arc
  - ReactiveCocoa/no-arc (2.4.7)
  - ReactiveCocoa/UI (2.4.7):
    - ReactiveCocoa/Core

DEPENDENCIES:
  - CocoaLumberjack (= 2.0.0)
  - OpenCV (= 2.4.9.1)
  - ReactiveCocoa (= 2.4.7)

SPEC CHECKSUMS:
  CocoaLumberjack: a6f77d987d65dc7ba86b0f84db7d0b9084f77bcb
  OpenCV: 6a30a4f71e5b5a879e6f290acc37f1b5115d5fa6
  ReactiveCocoa: eb38dee0a0e698f73a9b25e5c1faea2bb4c79240

COCOAPODS: 0.36.4
